
Microsoft Visual Studio Solution File, Format Version 12.00
# Visual Studio Version 17
VisualStudioVersion = 17.2.32505.173
MinimumVisualStudioVersion = 10.0.40219.1
Project("{FAE04EC0-301F-11D3-BF4B-00C04F79EFBC}") = "Fibonacci_Ejercicio", "Fibonacci_Ejercicio\Fibonacci_Ejercicio.csproj", "{3091F312-654A-48C4-A75D-6289213DC7CD}"
EndProject
Global
	GlobalSection(SolutionConfigurationPlatforms) = preSolution
		Debug|Any CPU = Debug|Any CPU
		Release|Any CPU = Release|Any CPU
	EndGlobalSection
	GlobalSection(ProjectConfigurationPlatforms) = postSolution
		{3091F312-654A-48C4-A75D-6289213DC7CD}.Debug|Any CPU.ActiveCfg = Debug|Any CPU
		{3091F312-654A-48C4-A75D-6289213DC7CD}.Debug|Any CPU.Build.0 = Debug|Any CPU
		{3091F312-654A-48C4-A75D-6289213DC7CD}.Release|Any CPU.ActiveCfg = Release|Any CPU
		{3091F312-654A-48C4-A75D-6289213DC7CD}.Release|Any CPU.Build.0 = Release|Any CPU
	EndGlobalSection
	GlobalSection(SolutionProperties) = preSolution
		HideSolutionNode = FALSE
	EndGlobalSection
	GlobalSection(ExtensibilityGlobals) = postSolution
		SolutionGuid = {651D16C9-E857-40F5-BDF5-73BD96D95C70}
	EndGlobalSection
EndGlobal
